
Microsoft Visual Studio Solution File, Format Version 12.00
# Visual Studio Version 16
VisualStudioVersion = 16.0.29806.167
MinimumVisualStudioVersion = 10.0.40219.1
Project("{FAE04EC0-301F-11D3-BF4B-00C04F79EFBC}") = "Koursach_Tri_v_Ryad", "Koursach_Tri_v_Ryad.csproj", "{CB2E78A2-29E2-4309-AF3E-6193B0DC84F1}"
EndProject
Global
	GlobalSection(SolutionConfigurationPlatforms) = preSolution
		Debug|Any CPU = Debug|Any CPU
		Release|Any CPU = Release|Any CPU
	EndGlobalSection
	GlobalSection(ProjectConfigurationPlatforms) = postSolution
		{CB2E78A2-29E2-4309-AF3E-6193B0DC84F1}.Debug|Any CPU.ActiveCfg = Debug|Any CPU
		{CB2E78A2-29E2-4309-AF3E-6193B0DC84F1}.Debug|Any CPU.Build.0 = Debug|Any CPU
		{CB2E78A2-29E2-4309-AF3E-6193B0DC84F1}.Release|Any CPU.ActiveCfg = Release|Any CPU
		{CB2E78A2-29E2-4309-AF3E-6193B0DC84F1}.Release|Any CPU.Build.0 = Release|Any CPU
	EndGlobalSection
	GlobalSection(SolutionProperties) = preSolution
		HideSolutionNode = FALSE
	EndGlobalSection
	GlobalSection(ExtensibilityGlobals) = postSolution
		SolutionGuid = {AAB8BC76-C32C-4E28-9763-9077CCFEABBF}
	EndGlobalSection
EndGlobal
